lockfileVersion: '9.0'

settings:
  autoInstallPeers: true
  excludeLinksFromLockfile: false

importers:

  .:
    dependencies:
      axios:
        specifier: ^1.7.7
        version: 1.7.7
      dotenv:
        specifier: ^16.4.5
        version: 16.4.5
      fake-useragent:
        specifier: ^1.0.1
        version: 1.0.1
      https-proxy-agent:
        specifier: ^7.0.5
        version: 7.0.5
      socket.io-client:
        specifier: ^4.8.1
        version: 4.8.1
      socks-proxy-agent:
        specifier: ^8.0.4
        version: 8.0.4
      uuid:
        specifier: ^11.0.3
        version: 11.0.3
      ws:
        specifier: ^8.18.0
        version: 8.18.0
    devDependencies:
      '@types/fake-useragent':
        specifier: ^1.0.0
        version: 1.0.0
      '@types/node':
        specifier: ^22.9.3
        version: 22.9.3
      '@types/uuid':
        specifier: ^10.0.0
        version: 10.0.0
      '@types/ws':
        specifier: ^8.5.13
        version: 8.5.13
      ts-node:
        specifier: ^10.9.2
        version: 10.9.2(@types/node@22.9.3)(typescript@5.7.2)
      typescript:
        specifier: ^5.7.2
        version: 5.7.2

packages:

  '@cspotcode/source-map-support@0.8.1':
    resolution: {integrity: sha512-IchNf6dN4tHoMFIn/7OE8LWZ19Y6q/67Bmf6vnGREv8RSbBVb9LPJxEcnwrcwX6ixSvaiGoomAUvu4YSxXrVgw==}
    engines: {node: '>=12'}

  '@jridgewell/resolve-uri@3.1.2':
    resolution: {integrity: sha512-bRISgCIjP20/tbWSPWMEi54QVPRZExkuD9lJL+UIxUKtwVJA8wW1Trb1jMs1RFXo1CBTNZ/5hpC9QvmKWdopKw==}
    engines: {node: '>=6.0.0'}

  '@jridgewell/sourcemap-codec@1.4.15':
    resolution: {integrity: sha512-eF2rxCRulEKXHTRiDrDy6erMYWqNw4LPdQ8UQA4huuxaQsVeRPFl2oM8oDGxMFhJUWZf9McpLtJasDDZb/Bpeg==}

  '@jridgewell/trace-mapping@0.3.9':
    resolution: {integrity: sha512-3Belt6tdc8bPgAtbcmdtNJlirVoTmEb5e2gC94PnkwEW9jI6CAHUeoG85tjWP5WquqfavoMtMwiG4P926ZKKuQ==}

  '@socket.io/component-emitter@3.1.2':
    resolution: {integrity: sha512-9BCxFwvbGg/RsZK9tjXd8s4UcwR0MWeFQ1XEKIQVVvAGJyINdrqKMcTRyLoK8Rse1GjzLV9cwjWV1olXRWEXVA==}

  '@tsconfig/node10@1.0.11':
    resolution: {integrity: sha512-DcRjDCujK/kCk/cUe8Xz8ZSpm8mS3mNNpta+jGCA6USEDfktlNvm1+IuZ9eTcDbNk41BHwpHHeW+N1lKCz4zOw==}

  '@tsconfig/node12@1.0.11':
    resolution: {integrity: sha512-cqefuRsh12pWyGsIoBKJA9luFu3mRxCA+ORZvA4ktLSzIuCUtWVxGIuXigEwO5/ywWFMZ2QEGKWvkZG1zDMTag==}

  '@tsconfig/node14@1.0.3':
    resolution: {integrity: sha512-ysT8mhdixWK6Hw3i1V2AeRqZ5WfXg1G43mqoYlM2nc6388Fq5jcXyr5mRsqViLx/GJYdoL0bfXD8nmF+Zn/Iow==}

  '@tsconfig/node16@1.0.4':
    resolution: {integrity: sha512-vxhUy4J8lyeyinH7Azl1pdd43GJhZH/tP2weN8TntQblOY+A0XbT8DJk1/oCPuOOyg/Ja757rG0CgHcWC8OfMA==}

  '@types/fake-useragent@1.0.0':
    resolution: {integrity: sha512-T+GsW6umr2E27FwubiKrPsjIyqx526AQH1dc1Sky31EnVW5YJ4aNV/KCWeCr9LBioSMGHi7zjNxAteHPQtzeDw==}

  '@types/node@22.9.3':
    resolution: {integrity: sha512-F3u1fs/fce3FFk+DAxbxc78DF8x0cY09RRL8GnXLmkJ1jvx3TtPdWoTT5/NiYfI5ASqXBmfqJi9dZ3gxMx4lzw==}

  '@types/uuid@10.0.0':
    resolution: {integrity: sha512-7gqG38EyHgyP1S+7+xomFtL+ZNHcKv6DwNaCZmJmo1vgMugyF3TCnXVg4t1uk89mLNwnLtnY3TpOpCOyp1/xHQ==}

  '@types/ws@8.5.13':
    resolution: {integrity: sha512-osM/gWBTPKgHV8XkTunnegTRIsvF6owmf5w+JtAfOw472dptdm0dlGv4xCt6GwQRcC2XVOvvRE/0bAoQcL2QkA==}

  acorn-walk@8.3.2:
    resolution: {integrity: sha512-cjkyv4OtNCIeqhHrfS81QWXoCBPExR/J62oyEqepVw8WaQeSqpW2uhuLPh1m9eWhDuOo/jUXVTlifvesOWp/4A==}
    engines: {node: '>=0.4.0'}

  acorn@8.11.3:
    resolution: {integrity: sha512-Y9rRfJG5jcKOE0CLisYbojUjIrIEE7AGMzA/Sm4BslANhbS+cDMpgBdcPT91oJ7OuJ9hYJBx59RjbhxVnrF8Xg==}
    engines: {node: '>=0.4.0'}
    hasBin: true

  agent-base@7.1.1:
    resolution: {integrity: sha512-H0TSyFNDMomMNJQBn8wFV5YC/2eJ+VXECwOadZJT554xP6cODZHPX3H9QMQECxvrgiSOP1pHjy1sMWQVYJOUOA==}
    engines: {node: '>= 14'}

  arg@4.1.3:
    resolution: {integrity: sha512-58S9QDqG0Xx27YwPSt9fJxivjYl432YCwfDMfZ+71RAqUrZef7LrKQZ3LHLOwCS4FLNBplP533Zx895SeOCHvA==}

  asynckit@0.4.0:
    resolution: {integrity: sha512-Oei9OH4tRh0YqU3GxhX79dM/mwVgvbZJaSNaRk+bshkj0S5cfHcgYakreBjrHwatXKbz+IoIdYLxrKim2MjW0Q==}

  axios@1.7.7:
    resolution: {integrity: sha512-S4kL7XrjgBmvdGut0sN3yJxqYzrDOnivkBiN0OFs6hLiUam3UPvswUo0kqGyhqUZGEOytHyumEdXsAkgCOUf3Q==}

  combined-stream@1.0.8:
    resolution: {integrity: sha512-FQN4MRfuJeHf7cBbBMJFXhKSDq+2kAArBlmRBvcvFE5BB1HZKXtSFASDhdlz9zOYwxh8lDdnvmMOe/+5cdoEdg==}
    engines: {node: '>= 0.8'}

  create-require@1.1.1:
    resolution: {integrity: sha512-dcKFX3jn0MpIaXjisoRvexIJVEKzaq7z2rZKxf+MSr9TkdmHmsU4m2lcLojrj/FHl8mk5VxMmYA+ftRkP/3oKQ==}

  debug@4.3.4:
    resolution: {integrity: sha512-PRWFHuSU3eDtQJPvnNY7Jcket1j0t5OuOsFzPPzsekD52Zl8qUfFIPEiswXqIvHWGVHOgX+7G/vCNNhehwxfkQ==}
    engines: {node: '>=6.0'}
    peerDependencies:
      supports-color: '*'
    peerDependenciesMeta:
      supports-color:
        optional: true

  delayed-stream@1.0.0:
    resolution: {integrity: sha512-ZySD7Nf91aLB0RxL4KGrKHBXl7Eds1DAmEdcoVawXnLD7SDhpNgtuII2aAkg7a7QS41jxPSZ17p4VdGnMHk3MQ==}
    engines: {node: '>=0.4.0'}

  diff@4.0.2:
    resolution: {integrity: sha512-58lmxKSA4BNyLz+HHMUzlOEpg09FV+ev6ZMe3vJihgdxzgcwZ8VoEEPmALCZG9LmqfVoNMMKpttIYTVG6uDY7A==}
    engines: {node: '>=0.3.1'}

  dotenv@16.4.5:
    resolution: {integrity: sha512-ZmdL2rui+eB2YwhsWzjInR8LldtZHGDoQ1ugH85ppHKwpUHL7j7rN0Ti9NCnGiQbhaZ11FpR+7ao1dNsmduNUg==}
    engines: {node: '>=12'}

  engine.io-client@6.6.2:
    resolution: {integrity: sha512-TAr+NKeoVTjEVW8P3iHguO1LO6RlUz9O5Y8o7EY0fU+gY1NYqas7NN3slpFtbXEsLMHk0h90fJMfKjRkQ0qUIw==}

  engine.io-parser@5.2.3:
    resolution: {integrity: sha512-HqD3yTBfnBxIrbnM1DoD6Pcq8NECnh8d4As1Qgh0z5Gg3jRRIqijury0CL3ghu/edArpUYiYqQiDUQBIs4np3Q==}
    engines: {node: '>=10.0.0'}

  fake-useragent@1.0.1:
    resolution: {integrity: sha512-BOQh1TM//DhrVaeZ+b3w3s4E40rfYcDTn5aoSM2w1xVsZVGglNOzPR5H8KDO8NmF8sT4ppxyb4/MHGIHfZsVDA==}

  follow-redirects@1.15.6:
    resolution: {integrity: sha512-wWN62YITEaOpSK584EZXJafH1AGpO8RVgElfkuXbTOrPX4fIfOyEpW/CsiNd8JdYrAoOvafRTOEnvsO++qCqFA==}
    engines: {node: '>=4.0'}
    peerDependencies:
      debug: '*'
    peerDependenciesMeta:
      debug:
        optional: true

  form-data@4.0.0:
    resolution: {integrity: sha512-ETEklSGi5t0QMZuiXoA/Q6vcnxcLQP5vdugSpuAyi6SVGi2clPPp+xgEhuMaHC+zGgn31Kd235W35f7Hykkaww==}
    engines: {node: '>= 6'}

  https-proxy-agent@7.0.5:
    resolution: {integrity: sha512-1e4Wqeblerz+tMKPIq2EMGiiWW1dIjZOksyHWSUm1rmuvw/how9hBHZ38lAGj5ID4Ik6EdkOw7NmWPy6LAwalw==}
    engines: {node: '>= 14'}

  ip-address@9.0.5:
    resolution: {integrity: sha512-zHtQzGojZXTwZTHQqra+ETKd4Sn3vgi7uBmlPoXVWZqYvuKmtI0l/VZTjqGmJY9x88GGOaZ9+G9ES8hC4T4X8g==}
    engines: {node: '>= 12'}

  jsbn@1.1.0:
    resolution: {integrity: sha512-4bYVV3aAMtDTTu4+xsDYa6sy9GyJ69/amsu9sYF2zqjiEoZA5xJi3BrfX3uY+/IekIu7MwdObdbDWpoZdBv3/A==}

  make-error@1.3.6:
    resolution: {integrity: sha512-s8UhlNe7vPKomQhC1qFelMokr/Sc3AgNbso3n74mVPA5LTZwkB9NlXf4XPamLxJE8h0gh73rM94xvwRT2CVInw==}

  mime-db@1.52.0:
    resolution: {integrity: sha512-sPU4uV7dYlvtWJxwwxHD0PuihVNiE7TyAbQ5SWxDCB9mUYvOgroQOwYQQOKPJ8CIbE+1ETVlOoK1UC2nU3gYvg==}
    engines: {node: '>= 0.6'}

  mime-types@2.1.35:
    resolution: {integrity: sha512-ZDY+bPm5zTTF+YpCrAU9nK0UgICYPT0QtT1NZWFv4s++TNkcgVaT0g6+4R2uI4MjQjzysHB1zxuWL50hzaeXiw==}
    engines: {node: '>= 0.6'}

  ms@2.1.2:
    resolution: {integrity: sha512-sGkPx+VjMtmA6MX27oA4FBFELFCZZ4S4XqeGOXCv68tT+jb3vk/RyaKWP0PTKyWtmLSM0b+adUTEvbs1PEaH2w==}

  proxy-from-env@1.1.0:
    resolution: {integrity: sha512-D+zkORCbA9f1tdWRK0RaCR3GPv50cMxcrz4X8k5LTSUD1Dkw47mKJEZQNunItRTkWwgtaUSo1RVFRIG9ZXiFYg==}

  smart-buffer@4.2.0:
    resolution: {integrity: sha512-94hK0Hh8rPqQl2xXc3HsaBoOXKV20MToPkcXvwbISWLEs+64sBq5kFgn2kJDHb1Pry9yrP0dxrCI9RRci7RXKg==}
    engines: {node: '>= 6.0.0', npm: '>= 3.0.0'}

  socket.io-client@4.8.1:
    resolution: {integrity: sha512-hJVXfu3E28NmzGk8o1sHhN3om52tRvwYeidbj7xKy2eIIse5IoKX3USlS6Tqt3BHAtflLIkCQBkzVrEEfWUyYQ==}
    engines: {node: '>=10.0.0'}

  socket.io-parser@4.2.4:
    resolution: {integrity: sha512-/GbIKmo8ioc+NIWIhwdecY0ge+qVBSMdgxGygevmdHj24bsfgtCmcUUcQ5ZzcylGFHsN3k4HB4Cgkl96KVnuew==}
    engines: {node: '>=10.0.0'}

  socks-proxy-agent@8.0.4:
    resolution: {integrity: sha512-GNAq/eg8Udq2x0eNiFkr9gRg5bA7PXEWagQdeRX4cPSG+X/8V38v637gim9bjFptMk1QWsCTr0ttrJEiXbNnRw==}
    engines: {node: '>= 14'}

  socks@2.8.3:
    resolution: {integrity: sha512-l5x7VUUWbjVFbafGLxPWkYsHIhEvmF85tbIeFZWc8ZPtoMyybuEhL7Jye/ooC4/d48FgOjSJXgsF/AJPYCW8Zw==}
    engines: {node: '>= 10.0.0', npm: '>= 3.0.0'}

  sprintf-js@1.1.3:
    resolution: {integrity: sha512-Oo+0REFV59/rz3gfJNKQiBlwfHaSESl1pcGyABQsnnIfWOFt6JNj5gCog2U6MLZ//IGYD+nA8nI+mTShREReaA==}

  ts-node@10.9.2:
    resolution: {integrity: sha512-f0FFpIdcHgn8zcPSbf1dRevwt047YMnaiJM3u2w2RewrB+fob/zePZcrOyQoLMMO7aBIddLcQIEK5dYjkLnGrQ==}
    hasBin: true
    peerDependencies:
      '@swc/core': '>=1.2.50'
      '@swc/wasm': '>=1.2.50'
      '@types/node': '*'
      typescript: '>=2.7'
    peerDependenciesMeta:
      '@swc/core':
        optional: true
      '@swc/wasm':
        optional: true

  typescript@5.7.2:
    resolution: {integrity: sha512-i5t66RHxDvVN40HfDd1PsEThGNnlMCMT3jMUuoh9/0TaqWevNontacunWyN02LA9/fIbEWlcHZcgTKb9QoaLfg==}
    engines: {node: '>=14.17'}
    hasBin: true

  undici-types@6.19.8:
    resolution: {integrity: sha512-ve2KP6f/JnbPBFyobGHuerC9g1FYGn/F8n1LWTwNxCEzd6IfqTwUQcNXgEtmmQ6DlRrC1hrSrBnCZPokRrDHjw==}

  uuid@11.0.3:
    resolution: {integrity: sha512-d0z310fCWv5dJwnX1Y/MncBAqGMKEzlBb1AOf7z9K8ALnd0utBX/msg/fA0+sbyN1ihbMsLhrBlnl1ak7Wa0rg==}
    hasBin: true

  v8-compile-cache-lib@3.0.1:
    resolution: {integrity: sha512-wa7YjyUGfNZngI/vtK0UHAN+lgDCxBPCylVXGp0zu59Fz5aiGtNXaq3DhIov063MorB+VfufLh3JlF2KdTK3xg==}

  ws@8.17.1:
    resolution: {integrity: sha512-6XQFvXTkbfUOZOKKILFG1PDK2NDQs4azKQl26T0YS5CxqWLgXajbPZ+h4gZekJyRqFU8pvnbAbbs/3TgRPy+GQ==}
    engines: {node: '>=10.0.0'}
    peerDependencies:
      bufferutil: ^4.0.1
      utf-8-validate: '>=5.0.2'
    peerDependenciesMeta:
      bufferutil:
        optional: true
      utf-8-validate:
        optional: true

  ws@8.18.0:
    resolution: {integrity: sha512-8VbfWfHLbbwu3+N6OKsOMpBdT4kXPDDB9cJk2bJ6mh9ucxdlnNvH1e+roYkKmN9Nxw2yjz7VzeO9oOz2zJ04Pw==}
    engines: {node: '>=10.0.0'}
    peerDependencies:
      bufferutil: ^4.0.1
      utf-8-validate: '>=5.0.2'
    peerDependenciesMeta:
      bufferutil:
        optional: true
      utf-8-validate:
        optional: true

  xmlhttprequest-ssl@2.1.2:
    resolution: {integrity: sha512-TEU+nJVUUnA4CYJFLvK5X9AOeH4KvDvhIfm0vV1GaQRtchnG0hgK5p8hw/xjv8cunWYCsiPCSDzObPyhEwq3KQ==}
    engines: {node: '>=0.4.0'}

  yn@3.1.1:
    resolution: {integrity: sha512-Ux4ygGWsu2c7isFWe8Yu1YluJmqVhxqK2cLXNQA5AcC3QfbGNpM7fu0Y8b/z16pXLnFxZYvWhd3fhBY9DLmC6Q==}
    engines: {node: '>=6'}

snapshots:

  '@cspotcode/source-map-support@0.8.1':
    dependencies:
      '@jridgewell/trace-mapping': 0.3.9

  '@jridgewell/resolve-uri@3.1.2': {}

  '@jridgewell/sourcemap-codec@1.4.15': {}

  '@jridgewell/trace-mapping@0.3.9':
    dependencies:
      '@jridgewell/resolve-uri': 3.1.2
      '@jridgewell/sourcemap-codec': 1.4.15

  '@socket.io/component-emitter@3.1.2': {}

  '@tsconfig/node10@1.0.11': {}

  '@tsconfig/node12@1.0.11': {}

  '@tsconfig/node14@1.0.3': {}

  '@tsconfig/node16@1.0.4': {}

  '@types/fake-useragent@1.0.0': {}

  '@types/node@22.9.3':
    dependencies:
      undici-types: 6.19.8

  '@types/uuid@10.0.0': {}

  '@types/ws@8.5.13':
    dependencies:
      '@types/node': 22.9.3

  acorn-walk@8.3.2: {}

  acorn@8.11.3: {}

  agent-base@7.1.1:
    dependencies:
      debug: 4.3.4
    transitivePeerDependencies:
      - supports-color

  arg@4.1.3: {}

  asynckit@0.4.0: {}

  axios@1.7.7:
    dependencies:
      follow-redirects: 1.15.6
      form-data: 4.0.0
      proxy-from-env: 1.1.0
    transitivePeerDependencies:
      - debug

  combined-stream@1.0.8:
    dependencies:
      delayed-stream: 1.0.0

  create-require@1.1.1: {}

  debug@4.3.4:
    dependencies:
      ms: 2.1.2

  delayed-stream@1.0.0: {}

  diff@4.0.2: {}

  dotenv@16.4.5: {}

  engine.io-client@6.6.2:
    dependencies:
      '@socket.io/component-emitter': 3.1.2
      debug: 4.3.4
      engine.io-parser: 5.2.3
      ws: 8.17.1
      xmlhttprequest-ssl: 2.1.2
    transitivePeerDependencies:
      - bufferutil
      - supports-color
      - utf-8-validate

  engine.io-parser@5.2.3: {}

  fake-useragent@1.0.1: {}

  follow-redirects@1.15.6: {}

  form-data@4.0.0:
    dependencies:
      asynckit: 0.4.0
      combined-stream: 1.0.8
      mime-types: 2.1.35

  https-proxy-agent@7.0.5:
    dependencies:
      agent-base: 7.1.1
      debug: 4.3.4
    transitivePeerDependencies:
      - supports-color

  ip-address@9.0.5:
    dependencies:
      jsbn: 1.1.0
      sprintf-js: 1.1.3

  jsbn@1.1.0: {}

  make-error@1.3.6: {}

  mime-db@1.52.0: {}

  mime-types@2.1.35:
    dependencies:
      mime-db: 1.52.0

  ms@2.1.2: {}

  proxy-from-env@1.1.0: {}

  smart-buffer@4.2.0: {}

  socket.io-client@4.8.1:
    dependencies:
      '@socket.io/component-emitter': 3.1.2
      debug: 4.3.4
      engine.io-client: 6.6.2
      socket.io-parser: 4.2.4
    transitivePeerDependencies:
      - bufferutil
      - supports-color
      - utf-8-validate

  socket.io-parser@4.2.4:
    dependencies:
      '@socket.io/component-emitter': 3.1.2
      debug: 4.3.4
    transitivePeerDependencies:
      - supports-color

  socks-proxy-agent@8.0.4:
    dependencies:
      agent-base: 7.1.1
      debug: 4.3.4
      socks: 2.8.3
    transitivePeerDependencies:
      - supports-color

  socks@2.8.3:
    dependencies:
      ip-address: 9.0.5
      smart-buffer: 4.2.0

  sprintf-js@1.1.3: {}

  ts-node@10.9.2(@types/node@22.9.3)(typescript@5.7.2):
    dependencies:
      '@cspotcode/source-map-support': 0.8.1
      '@tsconfig/node10': 1.0.11
      '@tsconfig/node12': 1.0.11
      '@tsconfig/node14': 1.0.3
      '@tsconfig/node16': 1.0.4
      '@types/node': 22.9.3
      acorn: 8.11.3
      acorn-walk: 8.3.2
      arg: 4.1.3
      create-require: 1.1.1
      diff: 4.0.2
      make-error: 1.3.6
      typescript: 5.7.2
      v8-compile-cache-lib: 3.0.1
      yn: 3.1.1

  typescript@5.7.2: {}

  undici-types@6.19.8: {}

  uuid@11.0.3: {}

  v8-compile-cache-lib@3.0.1: {}

  ws@8.17.1: {}

  ws@8.18.0: {}

  xmlhttprequest-ssl@2.1.2: {}

  yn@3.1.1: {}
